lockfileVersion: 5.4

importers:

  .:
    specifiers:
      esbuild: ^0.14.49
      prettier: ^2.7.1
      rollup: ^2.77.0
      rollup-plugin-esbuild: ^4.9.1
      yargs: ^17.5.1
    devDependencies:
      esbuild: 0.14.49
      prettier: 2.7.1
      rollup: 2.77.0
      rollup-plugin-esbuild: 4.9.1_d4h73tn7q5hdnxjna52dvt6s3u
      yargs: 17.5.1

packages:

  /@rollup/pluginutils/4.2.1:
    resolution: {integrity: sha512-iKnFXr7NkdZAIHiIWE+BX5ULi/ucVFYWD6TbAV+rZctiRTY2PL6tsIKhoIOaoskiWAkgu+VsbXgUVDNLHf+InQ==}
    engines: {node: '>= 8.0.0'}
    dependencies:
      estree-walker: 2.0.2
      picomatch: 2.3.1
    dev: true

  /ansi-regex/5.0.1:
    resolution: {integrity: sha512-quJQXlTSUGL2LH9SUXo8VwsY4soanhgo6LNSm84E1LBcE8s3O0wpdiRzyR9z/ZZJMlMWv37qOOb9pdJlMUEKFQ==}
    engines: {node: '>=8'}
    dev: true

  /ansi-styles/4.3.0:
    resolution: {integrity: sha512-zbB9rCJAT1rbjiVDb2hqKFHNYLxgtk8NURxZ3IZwD3F6NtxbXZQCnnSi1Lkx+IDohdPlFp222wVALIheZJQSEg==}
    engines: {node: '>=8'}
    dependencies:
      color-convert: 2.0.1
    dev: true

  /cliui/7.0.4:
    resolution: {integrity: sha512-OcRE68cOsVMXp1Yvonl/fzkQOyjLSu/8bhPDfQt0e0/Eb283TKP20Fs2MqoPsr9SwA595rRCA+QMzYc9nBP+JQ==}
    dependencies:
      string-width: 4.2.3
      strip-ansi: 6.0.1
      wrap-ansi: 7.0.0
    dev: true

  /color-convert/2.0.1:
    resolution: {integrity: sha512-RRECPsj7iu/xb5oKYcsFHSppFNnsj/52OVTRKb4zP5onXwVF3zVmmToNcOfGC+CRDpfK/U584fMg38ZHCaElKQ==}
    engines: {node: '>=7.0.0'}
    dependencies:
      color-name: 1.1.4
    dev: true

  /color-name/1.1.4:
    resolution: {integrity: sha512-dOy+3AuW3a2wNbZHIuMZpTcgjGuLU/uBL/ubcZF9OXbDo8ff4O8yVp5Bf0efS8uEoYo5q4Fx7dY9OgQGXgAsQA==}
    dev: true

  /debug/4.3.4:
    resolution: {integrity: sha512-PRWFHuSU3eDtQJPvnNY7Jcket1j0t5OuOsFzPPzsekD52Zl8qUfFIPEiswXqIvHWGVHOgX+7G/vCNNhehwxfkQ==}
    engines: {node: '>=6.0'}
    peerDependencies:
      supports-color: '*'
    peerDependenciesMeta:
      supports-color:
        optional: true
    dependencies:
      ms: 2.1.2
    dev: true

  /emoji-regex/8.0.0:
    resolution: {integrity: sha512-MSjYzcWNOA0ewAHpz0MxpYFvwg6yjy1NG3xteoqz644VCo/RPgnr1/GGt+ic3iJTzQ8Eu3TdM14SawnVUmGE6A==}
    dev: true

  /es-module-lexer/0.9.3:
    resolution: {integrity: sha512-1HQ2M2sPtxwnvOvT1ZClHyQDiggdNjURWpY2we6aMKCQiUVxTmVs2UYPLIrD84sS+kMdUwfBSylbJPwNnBrnHQ==}
    dev: true

  /esbuild-android-64/0.14.49:
    resolution: {integrity: sha512-vYsdOTD+yi+kquhBiFWl3tyxnj2qZJsl4tAqwhT90ktUdnyTizgle7TjNx6Ar1bN7wcwWqZ9QInfdk2WVagSww==}
    engines: {node: '>=12'}
    cpu: [x64]
    os: [android]
    requiresBuild: true
    dev: true
    optional: true

  /esbuild-android-arm64/0.14.49:
    resolution: {integrity: sha512-g2HGr/hjOXCgSsvQZ1nK4nW/ei8JUx04Li74qub9qWrStlysaVmadRyTVuW32FGIpLQyc5sUjjZopj49eGGM2g==}
    engines: {node: '>=12'}
    cpu: [arm64]
    os: [android]
    requiresBuild: true
    dev: true
    optional: true

  /esbuild-darwin-64/0.14.49:
    resolution: {integrity: sha512-3rvqnBCtX9ywso5fCHixt2GBCUsogNp9DjGmvbBohh31Ces34BVzFltMSxJpacNki96+WIcX5s/vum+ckXiLYg==}
    engines: {node: '>=12'}
    cpu: [x64]
    os: [darwin]
    requiresBuild: true
    dev: true
    optional: true

  /esbuild-darwin-arm64/0.14.49:
    resolution: {integrity: sha512-XMaqDxO846srnGlUSJnwbijV29MTKUATmOLyQSfswbK/2X5Uv28M9tTLUJcKKxzoo9lnkYPsx2o8EJcTYwCs/A==}
    engines: {node: '>=12'}
    cpu: [arm64]
    os: [darwin]
    requiresBuild: true
    dev: true
    optional: true

  /esbuild-freebsd-64/0.14.49:
    resolution: {integrity: sha512-NJ5Q6AjV879mOHFri+5lZLTp5XsO2hQ+KSJYLbfY9DgCu8s6/Zl2prWXVANYTeCDLlrIlNNYw8y34xqyLDKOmQ==}
    engines: {node: '>=12'}
    cpu: [x64]
    os: [freebsd]
    requiresBuild: true
    dev: true
    optional: true

  /esbuild-freebsd-arm64/0.14.49:
    resolution: {integrity: sha512-lFLtgXnAc3eXYqj5koPlBZvEbBSOSUbWO3gyY/0+4lBdRqELyz4bAuamHvmvHW5swJYL7kngzIZw6kdu25KGOA==}
    engines: {node: '>=12'}
    cpu: [arm64]
    os: [freebsd]
    requiresBuild: true
    dev: true
    optional: true

  /esbuild-linux-32/0.14.49:
    resolution: {integrity: sha512-zTTH4gr2Kb8u4QcOpTDVn7Z8q7QEIvFl/+vHrI3cF6XOJS7iEI1FWslTo3uofB2+mn6sIJEQD9PrNZKoAAMDiA==}
    engines: {node: '>=12'}
    cpu: [ia32]
    os: [linux]
    requiresBuild: true
    dev: true
    optional: true

  /esbuild-linux-64/0.14.49:
    resolution: {integrity: sha512-hYmzRIDzFfLrB5c1SknkxzM8LdEUOusp6M2TnuQZJLRtxTgyPnZZVtyMeCLki0wKgYPXkFsAVhi8vzo2mBNeTg==}
    engines: {node: '>=12'}
    cpu: [x64]
    os: [linux]
    requiresBuild: true
    dev: true
    optional: true

  /esbuild-linux-arm/0.14.49:
    resolution: {integrity: sha512-iE3e+ZVv1Qz1Sy0gifIsarJMQ89Rpm9mtLSRtG3AH0FPgAzQ5Z5oU6vYzhc/3gSPi2UxdCOfRhw2onXuFw/0lg==}
    engines: {node: '>=12'}
    cpu: [arm]
    os: [linux]
    requiresBuild: true
    dev: true
    optional: true

  /esbuild-linux-arm64/0.14.49:
    resolution: {integrity: sha512-KLQ+WpeuY+7bxukxLz5VgkAAVQxUv67Ft4DmHIPIW+2w3ObBPQhqNoeQUHxopoW/aiOn3m99NSmSV+bs4BSsdA==}
    engines: {node: '>=12'}
    cpu: [arm64]
    os: [linux]
    requiresBuild: true
    dev: true
    optional: true

  /esbuild-linux-mips64le/0.14.49:
    resolution: {integrity: sha512-n+rGODfm8RSum5pFIqFQVQpYBw+AztL8s6o9kfx7tjfK0yIGF6tm5HlG6aRjodiiKkH2xAiIM+U4xtQVZYU4rA==}
    engines: {node: '>=12'}
    cpu: [mips64el]
    os: [linux]
    requiresBuild: true
    dev: true
    optional: true

  /esbuild-linux-ppc64le/0.14.49:
    resolution: {integrity: sha512-WP9zR4HX6iCBmMFH+XHHng2LmdoIeUmBpL4aL2TR8ruzXyT4dWrJ5BSbT8iNo6THN8lod6GOmYDLq/dgZLalGw==}
    engines: {node: '>=12'}
    cpu: [ppc64]
    os: [linux]
    requiresBuild: true
    dev: true
    optional: true

  /esbuild-linux-riscv64/0.14.49:
    resolution: {integrity: sha512-h66ORBz+Dg+1KgLvzTVQEA1LX4XBd1SK0Fgbhhw4akpG/YkN8pS6OzYI/7SGENiN6ao5hETRDSkVcvU9NRtkMQ==}
    engines: {node: '>=12'}
    cpu: [riscv64]
    os: [linux]
    requiresBuild: true
    dev: true
    optional: true

  /esbuild-linux-s390x/0.14.49:
    resolution: {integrity: sha512-DhrUoFVWD+XmKO1y7e4kNCqQHPs6twz6VV6Uezl/XHYGzM60rBewBF5jlZjG0nCk5W/Xy6y1xWeopkrhFFM0sQ==}
    engines: {node: '>=12'}
    cpu: [s390x]
    os: [linux]
    requiresBuild: true
    dev: true
    optional: true

  /esbuild-netbsd-64/0.14.49:
    resolution: {integrity: sha512-BXaUwFOfCy2T+hABtiPUIpWjAeWK9P8O41gR4Pg73hpzoygVGnj0nI3YK4SJhe52ELgtdgWP/ckIkbn2XaTxjQ==}
    engines: {node: '>=12'}
    cpu: [x64]
    os: [netbsd]
    requiresBuild: true
    dev: true
    optional: true

  /esbuild-openbsd-64/0.14.49:
    resolution: {integrity: sha512-lP06UQeLDGmVPw9Rg437Btu6J9/BmyhdoefnQ4gDEJTtJvKtQaUcOQrhjTq455ouZN4EHFH1h28WOJVANK41kA==}
    engines: {node: '>=12'}
    cpu: [x64]
    os: [openbsd]
    requiresBuild: true
    dev: true
    optional: true

  /esbuild-sunos-64/0.14.49:
    resolution: {integrity: sha512-4c8Zowp+V3zIWje329BeLbGh6XI9c/rqARNaj5yPHdC61pHI9UNdDxT3rePPJeWcEZVKjkiAS6AP6kiITp7FSw==}
    engines: {node: '>=12'}
    cpu: [x64]
    os: [sunos]
    requiresBuild: true
    dev: true
    optional: true

  /esbuild-windows-32/0.14.49:
    resolution: {integrity: sha512-q7Rb+J9yHTeKr9QTPDYkqfkEj8/kcKz9lOabDuvEXpXuIcosWCJgo5Z7h/L4r7rbtTH4a8U2FGKb6s1eeOHmJA==}
    engines: {node: '>=12'}
    cpu: [ia32]
    os: [win32]
    requiresBuild: true
    dev: true
    optional: true

  /esbuild-windows-64/0.14.49:
    resolution: {integrity: sha512-+Cme7Ongv0UIUTniPqfTX6mJ8Deo7VXw9xN0yJEN1lQMHDppTNmKwAM3oGbD/Vqff+07K2gN0WfNkMohmG+dVw==}
    engines: {node: '>=12'}
    cpu: [x64]
    os: [win32]
    requiresBuild: true
    dev: true
    optional: true

  /esbuild-windows-arm64/0.14.49:
    resolution: {integrity: sha512-v+HYNAXzuANrCbbLFJ5nmO3m5y2PGZWLe3uloAkLt87aXiO2mZr3BTmacZdjwNkNEHuH3bNtN8cak+mzVjVPfA==}
    engines: {node: '>=12'}
    cpu: [arm64]
    os: [win32]
    requiresBuild: true
    dev: true
    optional: true

  /esbuild/0.14.49:
    resolution: {integrity: sha512-/TlVHhOaq7Yz8N1OJrjqM3Auzo5wjvHFLk+T8pIue+fhnhIMpfAzsG6PLVMbFveVxqD2WOp3QHei+52IMUNmCw==}
    engines: {node: '>=12'}
    hasBin: true
    requiresBuild: true
    optionalDependencies:
      esbuild-android-64: 0.14.49
      esbuild-android-arm64: 0.14.49
      esbuild-darwin-64: 0.14.49
      esbuild-darwin-arm64: 0.14.49
      esbuild-freebsd-64: 0.14.49
      esbuild-freebsd-arm64: 0.14.49
      esbuild-linux-32: 0.14.49
      esbuild-linux-64: 0.14.49
      esbuild-linux-arm: 0.14.49
      esbuild-linux-arm64: 0.14.49
      esbuild-linux-mips64le: 0.14.49
      esbuild-linux-ppc64le: 0.14.49
      esbuild-linux-riscv64: 0.14.49
      esbuild-linux-s390x: 0.14.49
      esbuild-netbsd-64: 0.14.49
      esbuild-openbsd-64: 0.14.49
      esbuild-sunos-64: 0.14.49
      esbuild-windows-32: 0.14.49
      esbuild-windows-64: 0.14.49
      esbuild-windows-arm64: 0.14.49
    dev: true

  /escalade/3.1.1:
    resolution: {integrity: sha512-k0er2gUkLf8O0zKJiAhmkTnJlTvINGv7ygDNPbeIsX/TJjGJZHuh9B2UxbsaEkmlEo9MfhrSzmhIlhRlI2GXnw==}
    engines: {node: '>=6'}
    dev: true

  /estree-walker/2.0.2:
    resolution: {integrity: sha512-Rfkk/Mp/DL7JVje3u18FxFujQlTNR2q6QfMSMB7AvCBx91NGj/ba3kCfza0f6dVDbw7YlRf/nDrn7pQrCCyQ/w==}
    dev: true

  /fsevents/2.3.2:
    resolution: {integrity: sha512-xiqMQR4xAeHTuB9uWm+fFRcIOgKBMiOBP+eXiyT7jsgVCq1bkVygt00oASowB7EdtpOHaaPgKt812P9ab+DDKA==}
    engines: {node: ^8.16.0 || ^10.6.0 || >=11.0.0}
    os: [darwin]
    requiresBuild: true
    dev: true
    optional: true

  /get-caller-file/2.0.5:
    resolution: {integrity: sha512-DyFP3BM/3YHTQOCUL/w0OZHR0lpKeGrxotcHWcqNEdnltqFwXVfhEBQ94eIo34AfQpo0rGki4cyIiftY06h2Fg==}
    engines: {node: 6.* || 8.* || >= 10.*}
    dev: true

  /is-fullwidth-code-point/3.0.0:
    resolution: {integrity: sha512-zymm5+u+sCsSWyD9qNaejV3DFvhCKclKdizYaJUuHA83RLjb7nSuGnddCHGv0hk+KY7BMAlsWeK4Ueg6EV6XQg==}
    engines: {node: '>=8'}
    dev: true

  /joycon/3.1.1:
    resolution: {integrity: sha512-34wB/Y7MW7bzjKRjUKTa46I2Z7eV62Rkhva+KkopW7Qvv/OSWBqvkSY7vusOPrNuZcUG3tApvdVgNB8POj3SPw==}
    engines: {node: '>=10'}
    dev: true

  /jsonc-parser/3.1.0:
    resolution: {integrity: sha512-DRf0QjnNeCUds3xTjKlQQ3DpJD51GvDjJfnxUVWg6PZTo2otSm+slzNAxU/35hF8/oJIKoG9slq30JYOsF2azg==}
    dev: true

  /ms/2.1.2:
    resolution: {integrity: sha512-sGkPx+VjMtmA6MX27oA4FBFELFCZZ4S4XqeGOXCv68tT+jb3vk/RyaKWP0PTKyWtmLSM0b+adUTEvbs1PEaH2w==}
    dev: true

  /picomatch/2.3.1:
    resolution: {integrity: sha512-JU3teHTNjmE2VCGFzuY8EXzCDVwEqB2a8fsIvwaStHhAWJEeVd1o1QD80CU6+ZdEXXSLbSsuLwJjkCBWqRQUVA==}
    engines: {node: '>=8.6'}
    dev: true

  /prettier/2.7.1:
    resolution: {integrity: sha512-ujppO+MkdPqoVINuDFDRLClm7D78qbDt0/NR+wp5FqEZOoTNAjPHWj17QRhu7geIHJfcNhRk1XVQmF8Bp3ye+g==}
    engines: {node: '>=10.13.0'}
    hasBin: true
    dev: true

  /require-directory/2.1.1:
    resolution: {integrity: sha512-fGxEI7+wsG9xrvdjsrlmL22OMTTiHRwAMroiEeMgq8gzoLC/PQr7RsRDSTLUg/bZAZtF+TVIkHc6/4RIKrui+Q==}
    engines: {node: '>=0.10.0'}
    dev: true

  /rollup-plugin-esbuild/4.9.1_d4h73tn7q5hdnxjna52dvt6s3u:
    resolution: {integrity: sha512-qn/x7Wz9p3Xnva99qcb+nopH0d2VJwVnsxJTGEg+Sh2Z3tqQl33MhOwzekVo1YTKgv+yAmosjcBRJygMfGrtLw==}
    engines: {node: '>=12'}
    peerDependencies:
      esbuild: '>=0.10.1'
      rollup: ^1.20.0 || ^2.0.0
    dependencies:
      '@rollup/pluginutils': 4.2.1
      debug: 4.3.4
      es-module-lexer: 0.9.3
      esbuild: 0.14.49
      joycon: 3.1.1
      jsonc-parser: 3.1.0
      rollup: 2.77.0
    transitivePeerDependencies:
      - supports-color
    dev: true

  /rollup/2.77.0:
    resolution: {integrity: sha512-vL8xjY4yOQEw79DvyXLijhnhh+R/O9zpF/LEgkCebZFtb6ELeN9H3/2T0r8+mp+fFTBHZ5qGpOpW2ela2zRt3g==}
    engines: {node: '>=10.0.0'}
    hasBin: true
    optionalDependencies:
      fsevents: 2.3.2
    dev: true

  /string-width/4.2.3:
    resolution: {integrity: sha512-wKyQRQpjJ0sIp62ErSZdGsjMJWsap5oRNihHhu6G7JVO/9jIB6UyevL+tXuOqrng8j/cxKTWyWUwvSTriiZz/g==}
    engines: {node: '>=8'}
    dependencies:
      emoji-regex: 8.0.0
      is-fullwidth-code-point: 3.0.0
      strip-ansi: 6.0.1
    dev: true

  /strip-ansi/6.0.1:
    resolution: {integrity: sha512-Y38VPSHcqkFrCpFnQ9vuSXmquuv5oXOKpGeT6aGrr3o3Gc9AlVa6JBfUSOCnbxGGZF+/0ooI7KrPuUSztUdU5A==}
    engines: {node: '>=8'}
    dependencies:
      ansi-regex: 5.0.1
    dev: true

  /wrap-ansi/7.0.0:
    resolution: {integrity: sha512-YVGIj2kamLSTxw6NsZjoBxfSwsn0ycdesmc4p+Q21c5zPuZ1pl+NfxVdxPtdHvmNVOQ6XSYG4AUtyt/Fi7D16Q==}
    engines: {node: '>=10'}
    dependencies:
      ansi-styles: 4.3.0
      string-width: 4.2.3
      strip-ansi: 6.0.1
    dev: true

  /y18n/5.0.8:
    resolution: {integrity: sha512-0pfFzegeDWJHJIAmTLRP2DwHjdF5s7jo9tuztdQxAhINCdvS+3nGINqPd00AphqJR/0LhANUS6/+7SCb98YOfA==}
    engines: {node: '>=10'}
    dev: true

  /yargs-parser/21.0.1:
    resolution: {integrity: sha512-9BK1jFpLzJROCI5TzwZL/TU4gqjK5xiHV/RfWLOahrjAko/e4DJkRDZQXfvqAsiZzzYhgAzbgz6lg48jcm4GLg==}
    engines: {node: '>=12'}
    dev: true

  /yargs/17.5.1:
    resolution: {integrity: sha512-t6YAJcxDkNX7NFYiVtKvWUz8l+PaKTLiL63mJYWR2GnHq2gjEWISzsLp9wg3aY36dY1j+gfIEL3pIF+XlJJfbA==}
    engines: {node: '>=12'}
    dependencies:
      cliui: 7.0.4
      escalade: 3.1.1
      get-caller-file: 2.0.5
      require-directory: 2.1.1
      string-width: 4.2.3
      y18n: 5.0.8
      yargs-parser: 21.0.1
    dev: true
